
Microsoft Visual Studio Solution File, Format Version 12.00
# Visual Studio Version 16
VisualStudioVersion = 16.0.29905.134
MinimumVisualStudioVersion = 10.0.40219.1
Project("{FAE04EC0-301F-11D3-BF4B-00C04F79EFBC}") = "PrimeCounterAPI", "PrimeCounterAPI.csproj", "{664136DC-E56E-4723-91E9-0293A2AA8E2F}"
EndProject
Project("{FAE04EC0-301F-11D3-BF4B-00C04F79EFBC}") = "Queries", "..\Queries\Queries.csproj", "{3B928C8D-2D38-45A3-A2C7-9A73234D7A72}"
EndProject
Project("{FAE04EC0-301F-11D3-BF4B-00C04F79EFBC}") = "Commands", "..\Commands\Commands.csproj", "{1CC9DBFA-0CAB-417E-9260-4846F0366A83}"
EndProject
Project("{FAE04EC0-301F-11D3-BF4B-00C04F79EFBC}") = "Storage", "..\Storage\Storage.csproj", "{81EA1DA3-B8FA-42F0-9759-3269D513F51A}"
EndProject
Global
	GlobalSection(SolutionConfigurationPlatforms) = preSolution
		Debug|Any CPU = Debug|Any CPU
		Release|Any CPU = Release|Any CPU
	EndGlobalSection
	GlobalSection(ProjectConfigurationPlatforms) = postSolution
		{664136DC-E56E-4723-91E9-0293A2AA8E2F}.Debug|Any CPU.ActiveCfg = Debug|Any CPU
		{664136DC-E56E-4723-91E9-0293A2AA8E2F}.Debug|Any CPU.Build.0 = Debug|Any CPU
		{664136DC-E56E-4723-91E9-0293A2AA8E2F}.Release|Any CPU.ActiveCfg = Release|Any CPU
		{664136DC-E56E-4723-91E9-0293A2AA8E2F}.Release|Any CPU.Build.0 = Release|Any CPU
		{3B928C8D-2D38-45A3-A2C7-9A73234D7A72}.Debug|Any CPU.ActiveCfg = Debug|Any CPU
		{3B928C8D-2D38-45A3-A2C7-9A73234D7A72}.Debug|Any CPU.Build.0 = Debug|Any CPU
		{3B928C8D-2D38-45A3-A2C7-9A73234D7A72}.Release|Any CPU.ActiveCfg = Release|Any CPU
		{3B928C8D-2D38-45A3-A2C7-9A73234D7A72}.Release|Any CPU.Build.0 = Release|Any CPU
		{1CC9DBFA-0CAB-417E-9260-4846F0366A83}.Debug|Any CPU.ActiveCfg = Debug|Any CPU
		{1CC9DBFA-0CAB-417E-9260-4846F0366A83}.Debug|Any CPU.Build.0 = Debug|Any CPU
		{1CC9DBFA-0CAB-417E-9260-4846F0366A83}.Release|Any CPU.ActiveCfg = Release|Any CPU
		{1CC9DBFA-0CAB-417E-9260-4846F0366A83}.Release|Any CPU.Build.0 = Release|Any CPU
		{81EA1DA3-B8FA-42F0-9759-3269D513F51A}.Debug|Any CPU.ActiveCfg = Debug|Any CPU
		{81EA1DA3-B8FA-42F0-9759-3269D513F51A}.Debug|Any CPU.Build.0 = Debug|Any CPU
		{81EA1DA3-B8FA-42F0-9759-3269D513F51A}.Release|Any CPU.ActiveCfg = Release|Any CPU
		{81EA1DA3-B8FA-42F0-9759-3269D513F51A}.Release|Any CPU.Build.0 = Release|Any CPU
	EndGlobalSection
	GlobalSection(SolutionProperties) = preSolution
		HideSolutionNode = FALSE
	EndGlobalSection
	GlobalSection(ExtensibilityGlobals) = postSolution
		SolutionGuid = {14FE0BD2-3457-4840-AEE2-344A06AE0ED4}
	EndGlobalSection
EndGlobal
